
Microsoft Visual Studio Solution File, Format Version 12.00
# Visual Studio Version 17
VisualStudioVersion = 17.10.35013.160
MinimumVisualStudioVersion = 10.0.40219.1
Project("{FAE04EC0-301F-11D3-BF4B-00C04F79EFBC}") = "MainApp", "0711_Csharp\MainApp.csproj", "{128B75EC-80DA-445D-A32F-B819734ED61A}"
EndProject
Global
	GlobalSection(SolutionConfigurationPlatforms) = preSolution
		Debug|Any CPU = Debug|Any CPU
		Release|Any CPU = Release|Any CPU
	EndGlobalSection
	GlobalSection(ProjectConfigurationPlatforms) = postSolution
		{128B75EC-80DA-445D-A32F-B819734ED61A}.Debug|Any CPU.ActiveCfg = Debug|Any CPU
		{128B75EC-80DA-445D-A32F-B819734ED61A}.Debug|Any CPU.Build.0 = Debug|Any CPU
		{128B75EC-80DA-445D-A32F-B819734ED61A}.Release|Any CPU.ActiveCfg = Release|Any CPU
		{128B75EC-80DA-445D-A32F-B819734ED61A}.Release|Any CPU.Build.0 = Release|Any CPU
	EndGlobalSection
	GlobalSection(SolutionProperties) = preSolution
		HideSolutionNode = FALSE
	EndGlobalSection
	GlobalSection(ExtensibilityGlobals) = postSolution
		SolutionGuid = {F34F3835-DF8A-4B1C-ADDA-3EC563543835}
	EndGlobalSection
EndGlobal
