
Microsoft Visual Studio Solution File, Format Version 12.00
# Visual Studio Version 17
VisualStudioVersion = 17.10.35004.147
MinimumVisualStudioVersion = 10.0.40219.1
Project("{FAE04EC0-301F-11D3-BF4B-00C04F79EFBC}") = "06_18_Csharp", "06_18_Csharp\06_18_Csharp.csproj", "{6F0DC1F3-E8F0-49B3-8768-C7D210E6BA77}"
EndProject
Global
	GlobalSection(SolutionConfigurationPlatforms) = preSolution
		Debug|Any CPU = Debug|Any CPU
		Release|Any CPU = Release|Any CPU
	EndGlobalSection
	GlobalSection(ProjectConfigurationPlatforms) = postSolution
		{6F0DC1F3-E8F0-49B3-8768-C7D210E6BA77}.Debug|Any CPU.ActiveCfg = Debug|Any CPU
		{6F0DC1F3-E8F0-49B3-8768-C7D210E6BA77}.Debug|Any CPU.Build.0 = Debug|Any CPU
		{6F0DC1F3-E8F0-49B3-8768-C7D210E6BA77}.Release|Any CPU.ActiveCfg = Release|Any CPU
		{6F0DC1F3-E8F0-49B3-8768-C7D210E6BA77}.Release|Any CPU.Build.0 = Release|Any CPU
	EndGlobalSection
	GlobalSection(SolutionProperties) = preSolution
		HideSolutionNode = FALSE
	EndGlobalSection
	GlobalSection(ExtensibilityGlobals) = postSolution
		SolutionGuid = {BDEE205C-DB0C-48C9-B7C9-EB8D373C8385}
	EndGlobalSection
EndGlobal
