
Microsoft Visual Studio Solution File, Format Version 12.00
# Visual Studio Version 17
VisualStudioVersion = 17.10.35013.160
MinimumVisualStudioVersion = 10.0.40219.1
Project("{FAE04EC0-301F-11D3-BF4B-00C04F79EFBC}") = "0709_test", "0709_test\0709_test.csproj", "{DCDAA233-FE87-4958-9104-09CF4EB3691C}"
EndProject
Global
	GlobalSection(SolutionConfigurationPlatforms) = preSolution
		Debug|Any CPU = Debug|Any CPU
		Release|Any CPU = Release|Any CPU
	EndGlobalSection
	GlobalSection(ProjectConfigurationPlatforms) = postSolution
		{DCDAA233-FE87-4958-9104-09CF4EB3691C}.Debug|Any CPU.ActiveCfg = Debug|Any CPU
		{DCDAA233-FE87-4958-9104-09CF4EB3691C}.Debug|Any CPU.Build.0 = Debug|Any CPU
		{DCDAA233-FE87-4958-9104-09CF4EB3691C}.Release|Any CPU.ActiveCfg = Release|Any CPU
		{DCDAA233-FE87-4958-9104-09CF4EB3691C}.Release|Any CPU.Build.0 = Release|Any CPU
	EndGlobalSection
	GlobalSection(SolutionProperties) = preSolution
		HideSolutionNode = FALSE
	EndGlobalSection
	GlobalSection(ExtensibilityGlobals) = postSolution
		SolutionGuid = {9449FE08-D4E0-4E4F-A4BF-FE4923D5622C}
	EndGlobalSection
EndGlobal
