
Microsoft Visual Studio Solution File, Format Version 12.00
# Visual Studio Version 17
VisualStudioVersion = 17.10.35004.147
MinimumVisualStudioVersion = 10.0.40219.1
Project("{FAE04EC0-301F-11D3-BF4B-00C04F79EFBC}") = "06_14_Csharp", "06_14_Csharp\06_14_Csharp.csproj", "{048200F7-EB67-405F-BD13-416056539AA8}"
EndProject
Global
	GlobalSection(SolutionConfigurationPlatforms) = preSolution
		Debug|Any CPU = Debug|Any CPU
		Release|Any CPU = Release|Any CPU
	EndGlobalSection
	GlobalSection(ProjectConfigurationPlatforms) = postSolution
		{048200F7-EB67-405F-BD13-416056539AA8}.Debug|Any CPU.ActiveCfg = Debug|Any CPU
		{048200F7-EB67-405F-BD13-416056539AA8}.Debug|Any CPU.Build.0 = Debug|Any CPU
		{048200F7-EB67-405F-BD13-416056539AA8}.Release|Any CPU.ActiveCfg = Release|Any CPU
		{048200F7-EB67-405F-BD13-416056539AA8}.Release|Any CPU.Build.0 = Release|Any CPU
	EndGlobalSection
	GlobalSection(SolutionProperties) = preSolution
		HideSolutionNode = FALSE
	EndGlobalSection
	GlobalSection(ExtensibilityGlobals) = postSolution
		SolutionGuid = {465F63F4-5BF6-4ABD-A460-27928091EB5B}
	EndGlobalSection
EndGlobal
