
Microsoft Visual Studio Solution File, Format Version 12.00
# Visual Studio Version 17
VisualStudioVersion = 17.10.35013.160
MinimumVisualStudioVersion = 10.0.40219.1
Project("{FAE04EC0-301F-11D3-BF4B-00C04F79EFBC}") = "0709_Csharp", "0709_Csharp\0709_Csharp.csproj", "{1D1BE397-8EBA-4C21-931C-ACB1AC9ACD7A}"
EndProject
Project("{FAE04EC0-301F-11D3-BF4B-00C04F79EFBC}") = "0709_WinForms", "0709_WinForms\0709_WinForms.csproj", "{BF44D8DC-D17D-4944-B5A1-9615F2537024}"
EndProject
Global
	GlobalSection(SolutionConfigurationPlatforms) = preSolution
		Debug|Any CPU = Debug|Any CPU
		Release|Any CPU = Release|Any CPU
	EndGlobalSection
	GlobalSection(ProjectConfigurationPlatforms) = postSolution
		{1D1BE397-8EBA-4C21-931C-ACB1AC9ACD7A}.Debug|Any CPU.ActiveCfg = Debug|Any CPU
		{1D1BE397-8EBA-4C21-931C-ACB1AC9ACD7A}.Debug|Any CPU.Build.0 = Debug|Any CPU
		{1D1BE397-8EBA-4C21-931C-ACB1AC9ACD7A}.Release|Any CPU.ActiveCfg = Release|Any CPU
		{1D1BE397-8EBA-4C21-931C-ACB1AC9ACD7A}.Release|Any CPU.Build.0 = Release|Any CPU
		{BF44D8DC-D17D-4944-B5A1-9615F2537024}.Debug|Any CPU.ActiveCfg = Debug|Any CPU
		{BF44D8DC-D17D-4944-B5A1-9615F2537024}.Debug|Any CPU.Build.0 = Debug|Any CPU
		{BF44D8DC-D17D-4944-B5A1-9615F2537024}.Release|Any CPU.ActiveCfg = Release|Any CPU
		{BF44D8DC-D17D-4944-B5A1-9615F2537024}.Release|Any CPU.Build.0 = Release|Any CPU
	EndGlobalSection
	GlobalSection(SolutionProperties) = preSolution
		HideSolutionNode = FALSE
	EndGlobalSection
	GlobalSection(ExtensibilityGlobals) = postSolution
		SolutionGuid = {BA697153-2D2A-41B6-B60B-497C02768040}
	EndGlobalSection
EndGlobal
