
Microsoft Visual Studio Solution File, Format Version 12.00
# Visual Studio Version 17
VisualStudioVersion = 17.10.35004.147
MinimumVisualStudioVersion = 10.0.40219.1
Project("{FAE04EC0-301F-11D3-BF4B-00C04F79EFBC}") = "0625_Csharp", "0625_Csharp\0625_Csharp.csproj", "{5E3E1ECC-DD4F-43D4-90D8-D457B3A3ED2C}"
EndProject
Global
	GlobalSection(SolutionConfigurationPlatforms) = preSolution
		Debug|Any CPU = Debug|Any CPU
		Release|Any CPU = Release|Any CPU
	EndGlobalSection
	GlobalSection(ProjectConfigurationPlatforms) = postSolution
		{5E3E1ECC-DD4F-43D4-90D8-D457B3A3ED2C}.Debug|Any CPU.ActiveCfg = Debug|Any CPU
		{5E3E1ECC-DD4F-43D4-90D8-D457B3A3ED2C}.Debug|Any CPU.Build.0 = Debug|Any CPU
		{5E3E1ECC-DD4F-43D4-90D8-D457B3A3ED2C}.Release|Any CPU.ActiveCfg = Release|Any CPU
		{5E3E1ECC-DD4F-43D4-90D8-D457B3A3ED2C}.Release|Any CPU.Build.0 = Release|Any CPU
	EndGlobalSection
	GlobalSection(SolutionProperties) = preSolution
		HideSolutionNode = FALSE
	EndGlobalSection
	GlobalSection(ExtensibilityGlobals) = postSolution
		SolutionGuid = {E9471835-5F88-44E3-8D2B-E6816478CDDD}
	EndGlobalSection
EndGlobal
