
Microsoft Visual Studio Solution File, Format Version 12.00
# Visual Studio Version 17
VisualStudioVersion = 17.10.35004.147
MinimumVisualStudioVersion = 10.0.40219.1
Project("{FAE04EC0-301F-11D3-BF4B-00C04F79EFBC}") = "TestProject", "TestProject\TestProject.csproj", "{E15EE8FF-525A-43A2-8D14-64D2CC335933}"
EndProject
Global
	GlobalSection(SolutionConfigurationPlatforms) = preSolution
		Debug|Any CPU = Debug|Any CPU
		Release|Any CPU = Release|Any CPU
	EndGlobalSection
	GlobalSection(ProjectConfigurationPlatforms) = postSolution
		{E15EE8FF-525A-43A2-8D14-64D2CC335933}.Debug|Any CPU.ActiveCfg = Debug|Any CPU
		{E15EE8FF-525A-43A2-8D14-64D2CC335933}.Debug|Any CPU.Build.0 = Debug|Any CPU
		{E15EE8FF-525A-43A2-8D14-64D2CC335933}.Release|Any CPU.ActiveCfg = Release|Any CPU
		{E15EE8FF-525A-43A2-8D14-64D2CC335933}.Release|Any CPU.Build.0 = Release|Any CPU
	EndGlobalSection
	GlobalSection(SolutionProperties) = preSolution
		HideSolutionNode = FALSE
	EndGlobalSection
	GlobalSection(ExtensibilityGlobals) = postSolution
		SolutionGuid = {0D488D9B-31CA-4C10-A7EB-E2F13DB8BAD0}
	EndGlobalSection
EndGlobal
